
Microsoft Visual Studio Solution File, Format Version 12.00
# Visual Studio Version 16
VisualStudioVersion = 16.0.29806.167
MinimumVisualStudioVersion = 10.0.40219.1
Project("{2150E333-8FDC-42A3-9474-1A3956D46DE8}") = "Class", "Class", "{074BDDE2-B18C-45CB-81F2-7BDDCE1C9405}"
EndProject
Project("{FAE04EC0-301F-11D3-BF4B-00C04F79EFBC}") = "CSharp.Class", "CSharp.Class\CSharp.Class.csproj", "{ADFCC23B-788E-4E8C-A45C-9FD41988ED18}"
EndProject
Project("{2150E333-8FDC-42A3-9474-1A3956D46DE8}") = "Arrays", "Arrays", "{77EAAF28-D6A0-48B8-9F04-ED157B064496}"
EndProject
Project("{FAE04EC0-301F-11D3-BF4B-00C04F79EFBC}") = "CSharp.Arrays", "CSharp.Arrays\CSharp.Arrays.csproj", "{1A2982FA-FD2D-4AB5-9EA8-B05181451027}"
EndProject
Project("{2150E333-8FDC-42A3-9474-1A3956D46DE8}") = "Loop", "Loop", "{CA825CCC-11D9-4F42-8E61-BED835452D65}"
EndProject
Project("{FAE04EC0-301F-11D3-BF4B-00C04F79EFBC}") = "CSharp.Loop", "CSharp.Loop\CSharp.Loop.csproj", "{155E7781-D26A-4C50-AAA0-D18A5EFA16F6}"
EndProject
Project("{2150E333-8FDC-42A3-9474-1A3956D46DE8}") = "Aritmetik", "Aritmetik", "{F4EFF8DF-F3F8-41CA-AC0B-F1B70752DCB0}"
EndProject
Project("{FAE04EC0-301F-11D3-BF4B-00C04F79EFBC}") = "CSharp.Aritmetik", "CSharp.Aritmetik\CSharp.Aritmetik.csproj", "{CD110987-0021-4FF7-8AD3-70C919F8072E}"
EndProject
Project("{2150E333-8FDC-42A3-9474-1A3956D46DE8}") = "FundamentalsCourseOne", "FundamentalsCourseOne", "{ADBDFE81-D7DB-46DC-8210-4A6294399AED}"
EndProject
Project("{2150E333-8FDC-42A3-9474-1A3956D46DE8}") = "gradebook", "gradebook", "{0F967B6B-4EB2-4797-9B89-624CE9D3E102}"
EndProject
Project("{2150E333-8FDC-42A3-9474-1A3956D46DE8}") = "src", "src", "{C058F33F-5CD6-4B2D-B50D-7581897A3890}"
EndProject
Project("{9A19103F-16F7-4668-BE54-9A1E7A4F7556}") = "GradeBook", "FundamentalsCourseOne\gradebook\src\GradeBook\GradeBook.csproj", "{DDE8077B-AAD1-4D46-9EBB-42498AC5D05A}"
EndProject
Project("{2150E333-8FDC-42A3-9474-1A3956D46DE8}") = "CSharp.DesignPatterns", "CSharp.DesignPatterns", "{D0B39432-FDCF-4CDD-A2EB-0FD08715600C}"
EndProject
Project("{9A19103F-16F7-4668-BE54-9A1E7A4F7556}") = "CSharp.DesignPatterns.AbstractFactory", "CSharp.DesignPatterns\CSharp.DesignPatterns.AbstractFactory\CSharp.DesignPatterns.AbstractFactory.csproj", "{AEB60683-3694-442D-964C-8279470C77A0}"
EndProject
Project("{FAE04EC0-301F-11D3-BF4B-00C04F79EFBC}") = "CSharp.DesignPatterns.Builder", "CSharp.DesignPatterns.Builder\CSharp.DesignPatterns.Builder.csproj", "{3B5F8041-EA8C-40D0-AA0D-810A8790D863}"
EndProject
Project("{2150E333-8FDC-42A3-9474-1A3956D46DE8}") = "Math", "Math", "{4CD96CDB-C316-4F93-976F-EE29FBB998FD}"
EndProject
Project("{FAE04EC0-301F-11D3-BF4B-00C04F79EFBC}") = "BestDivisor", "BestDivisor\BestDivisor.csproj", "{7985D15D-5B7A-4B9E-BCD7-595878E82C13}"
EndProject
Project("{2150E333-8FDC-42A3-9474-1A3956D46DE8}") = "OOP", "OOP", "{444F533E-BC9E-404B-8C6E-D7C543A901A4}"
EndProject
Project("{2150E333-8FDC-42A3-9474-1A3956D46DE8}") = "Polimorphism", "Polimorphism", "{146C344C-802D-4E36-B8E0-1447419D0F99}"
EndProject
Project("{FAE04EC0-301F-11D3-BF4B-00C04F79EFBC}") = "Polimorphism.One", "Polimorphism.One\Polimorphism.One.csproj", "{17FF4C06-2D1F-455A-84A6-E208285814A0}"
EndProject
Project("{FAE04EC0-301F-11D3-BF4B-00C04F79EFBC}") = "PrimeNumber", "PrimeNumber\PrimeNumber.csproj", "{1F753CB8-B55C-48CE-8309-EF0C2B5E12CC}"
EndProject
Project("{FAE04EC0-301F-11D3-BF4B-00C04F79EFBC}") = "ATM", "ATM\ATM.csproj", "{BA97C98C-9586-4697-9D28-05AC5C8244A6}"
EndProject
Project("{FAE04EC0-301F-11D3-BF4B-00C04F79EFBC}") = "HalloweenParty", "HalloweenParty\HalloweenParty.csproj", "{A1806FDB-6709-42E6-A9E3-4B5ADB614A77}"
EndProject
Project("{2150E333-8FDC-42A3-9474-1A3956D46DE8}") = "ValueTypes", "ValueTypes", "{A8F4B6F8-2993-4DE9-8D2D-96DE8819C265}"
EndProject
Project("{2150E333-8FDC-42A3-9474-1A3956D46DE8}") = "Data.Types", "Data.Types", "{272DE78D-D80D-4E02-8BDF-FA2E957C74B9}"
EndProject
Project("{FAE04EC0-301F-11D3-BF4B-00C04F79EFBC}") = "CSharp.DataTypes", "CSharp.DataTypes\CSharp.DataTypes.csproj", "{0C399744-2713-405F-941F-D8F256DB12EB}"
EndProject
Project("{2150E333-8FDC-42A3-9474-1A3956D46DE8}") = "Intro", "Intro", "{A36E35BA-5BDD-4857-A9AC-6943EA774F69}"
EndProject
Project("{2150E333-8FDC-42A3-9474-1A3956D46DE8}") = "Csharp_02", "Csharp_02", "{F27EFFAF-59E5-4FBC-BDDE-E5526F692515}"
EndProject
Project("{2150E333-8FDC-42A3-9474-1A3956D46DE8}") = "Intro", "Intro", "{98DC75E1-33CA-4771-BBF7-5A76D91D882B}"
EndProject
Project("{9A19103F-16F7-4668-BE54-9A1E7A4F7556}") = "BasicIntro", "BasicIntro\BasicIntro.csproj", "{2B44A0E1-82F0-4FE4-B1AA-FB15945EDFA8}"
EndProject
Project("{9A19103F-16F7-4668-BE54-9A1E7A4F7556}") = "Variables", "Varaibles\Variables.csproj", "{78CF38A2-8DA6-40F5-9086-D8A74813A2A5}"
EndProject
Project("{9A19103F-16F7-4668-BE54-9A1E7A4F7556}") = "DataTypes", "DataTypes\DataTypes.csproj", "{3A700F65-CF81-40FB-871D-C919DC59FE74}"
EndProject
Project("{9A19103F-16F7-4668-BE54-9A1E7A4F7556}") = "Operators", "Operators\Operators.csproj", "{DBE5A9E2-5D68-4502-B5E7-95FA59D9A447}"
EndProject
Project("{9A19103F-16F7-4668-BE54-9A1E7A4F7556}") = "DecisionMaking", "DecisionMaking\DecisionMaking.csproj", "{23150AC0-46C5-4C4E-BE75-393E9609C1D3}"
EndProject
Project("{9A19103F-16F7-4668-BE54-9A1E7A4F7556}") = "Loops", "Loops\Loops.csproj", "{877C7D11-A757-4DD2-BC30-53EDB02927C2}"
EndProject
Project("{FAE04EC0-301F-11D3-BF4B-00C04F79EFBC}") = "CSharpPatternMatching_7_0", "CSharpPatternMatching_7_0\CSharpPatternMatching_7_0.csproj", "{A25E7051-B06D-4918-9FC6-A3665DB0337B}"
EndProject
Global
	GlobalSection(SolutionConfigurationPlatforms) = preSolution
		Debug|Any CPU = Debug|Any CPU
		Release|Any CPU = Release|Any CPU
	EndGlobalSection
	GlobalSection(ProjectConfigurationPlatforms) = postSolution
		{ADFCC23B-788E-4E8C-A45C-9FD41988ED18}.Debug|Any CPU.ActiveCfg = Debug|Any CPU
		{ADFCC23B-788E-4E8C-A45C-9FD41988ED18}.Debug|Any CPU.Build.0 = Debug|Any CPU
		{ADFCC23B-788E-4E8C-A45C-9FD41988ED18}.Release|Any CPU.ActiveCfg = Release|Any CPU
		{ADFCC23B-788E-4E8C-A45C-9FD41988ED18}.Release|Any CPU.Build.0 = Release|Any CPU
		{1A2982FA-FD2D-4AB5-9EA8-B05181451027}.Debug|Any CPU.ActiveCfg = Debug|Any CPU
		{1A2982FA-FD2D-4AB5-9EA8-B05181451027}.Debug|Any CPU.Build.0 = Debug|Any CPU
		{1A2982FA-FD2D-4AB5-9EA8-B05181451027}.Release|Any CPU.ActiveCfg = Release|Any CPU
		{1A2982FA-FD2D-4AB5-9EA8-B05181451027}.Release|Any CPU.Build.0 = Release|Any CPU
		{155E7781-D26A-4C50-AAA0-D18A5EFA16F6}.Debug|Any CPU.ActiveCfg = Debug|Any CPU
		{155E7781-D26A-4C50-AAA0-D18A5EFA16F6}.Debug|Any CPU.Build.0 = Debug|Any CPU
		{155E7781-D26A-4C50-AAA0-D18A5EFA16F6}.Release|Any CPU.ActiveCfg = Release|Any CPU
		{155E7781-D26A-4C50-AAA0-D18A5EFA16F6}.Release|Any CPU.Build.0 = Release|Any CPU
		{CD110987-0021-4FF7-8AD3-70C919F8072E}.Debug|Any CPU.ActiveCfg = Debug|Any CPU
		{CD110987-0021-4FF7-8AD3-70C919F8072E}.Debug|Any CPU.Build.0 = Debug|Any CPU
		{CD110987-0021-4FF7-8AD3-70C919F8072E}.Release|Any CPU.ActiveCfg = Release|Any CPU
		{CD110987-0021-4FF7-8AD3-70C919F8072E}.Release|Any CPU.Build.0 = Release|Any CPU
		{DDE8077B-AAD1-4D46-9EBB-42498AC5D05A}.Debug|Any CPU.ActiveCfg = Debug|Any CPU
		{DDE8077B-AAD1-4D46-9EBB-42498AC5D05A}.Debug|Any CPU.Build.0 = Debug|Any CPU
		{DDE8077B-AAD1-4D46-9EBB-42498AC5D05A}.Release|Any CPU.ActiveCfg = Release|Any CPU
		{DDE8077B-AAD1-4D46-9EBB-42498AC5D05A}.Release|Any CPU.Build.0 = Release|Any CPU
		{AEB60683-3694-442D-964C-8279470C77A0}.Debug|Any CPU.ActiveCfg = Debug|Any CPU
		{AEB60683-3694-442D-964C-8279470C77A0}.Debug|Any CPU.Build.0 = Debug|Any CPU
		{AEB60683-3694-442D-964C-8279470C77A0}.Release|Any CPU.ActiveCfg = Release|Any CPU
		{AEB60683-3694-442D-964C-8279470C77A0}.Release|Any CPU.Build.0 = Release|Any CPU
		{3B5F8041-EA8C-40D0-AA0D-810A8790D863}.Debug|Any CPU.ActiveCfg = Debug|Any CPU
		{3B5F8041-EA8C-40D0-AA0D-810A8790D863}.Debug|Any CPU.Build.0 = Debug|Any CPU
		{3B5F8041-EA8C-40D0-AA0D-810A8790D863}.Release|Any CPU.ActiveCfg = Release|Any CPU
		{3B5F8041-EA8C-40D0-AA0D-810A8790D863}.Release|Any CPU.Build.0 = Release|Any CPU
		{7985D15D-5B7A-4B9E-BCD7-595878E82C13}.Debug|Any CPU.ActiveCfg = Debug|Any CPU
		{7985D15D-5B7A-4B9E-BCD7-595878E82C13}.Debug|Any CPU.Build.0 = Debug|Any CPU
		{7985D15D-5B7A-4B9E-BCD7-595878E82C13}.Release|Any CPU.ActiveCfg = Release|Any CPU
		{7985D15D-5B7A-4B9E-BCD7-595878E82C13}.Release|Any CPU.Build.0 = Release|Any CPU
		{17FF4C06-2D1F-455A-84A6-E208285814A0}.Debug|Any CPU.ActiveCfg = Debug|Any CPU
		{17FF4C06-2D1F-455A-84A6-E208285814A0}.Debug|Any CPU.Build.0 = Debug|Any CPU
		{17FF4C06-2D1F-455A-84A6-E208285814A0}.Release|Any CPU.ActiveCfg = Release|Any CPU
		{17FF4C06-2D1F-455A-84A6-E208285814A0}.Release|Any CPU.Build.0 = Release|Any CPU
		{1F753CB8-B55C-48CE-8309-EF0C2B5E12CC}.Debug|Any CPU.ActiveCfg = Debug|Any CPU
		{1F753CB8-B55C-48CE-8309-EF0C2B5E12CC}.Debug|Any CPU.Build.0 = Debug|Any CPU
		{1F753CB8-B55C-48CE-8309-EF0C2B5E12CC}.Release|Any CPU.ActiveCfg = Release|Any CPU
		{1F753CB8-B55C-48CE-8309-EF0C2B5E12CC}.Release|Any CPU.Build.0 = Release|Any CPU
		{BA97C98C-9586-4697-9D28-05AC5C8244A6}.Debug|Any CPU.ActiveCfg = Debug|Any CPU
		{BA97C98C-9586-4697-9D28-05AC5C8244A6}.Debug|Any CPU.Build.0 = Debug|Any CPU
		{BA97C98C-9586-4697-9D28-05AC5C8244A6}.Release|Any CPU.ActiveCfg = Release|Any CPU
		{BA97C98C-9586-4697-9D28-05AC5C8244A6}.Release|Any CPU.Build.0 = Release|Any CPU
		{A1806FDB-6709-42E6-A9E3-4B5ADB614A77}.Debug|Any CPU.ActiveCfg = Debug|Any CPU
		{A1806FDB-6709-42E6-A9E3-4B5ADB614A77}.Debug|Any CPU.Build.0 = Debug|Any CPU
		{A1806FDB-6709-42E6-A9E3-4B5ADB614A77}.Release|Any CPU.ActiveCfg = Release|Any CPU
		{A1806FDB-6709-42E6-A9E3-4B5ADB614A77}.Release|Any CPU.Build.0 = Release|Any CPU
		{0C399744-2713-405F-941F-D8F256DB12EB}.Debug|Any CPU.ActiveCfg = Debug|Any CPU
		{0C399744-2713-405F-941F-D8F256DB12EB}.Debug|Any CPU.Build.0 = Debug|Any CPU
		{0C399744-2713-405F-941F-D8F256DB12EB}.Release|Any CPU.ActiveCfg = Release|Any CPU
		{0C399744-2713-405F-941F-D8F256DB12EB}.Release|Any CPU.Build.0 = Release|Any CPU
		{2B44A0E1-82F0-4FE4-B1AA-FB15945EDFA8}.Debug|Any CPU.ActiveCfg = Debug|Any CPU
		{2B44A0E1-82F0-4FE4-B1AA-FB15945EDFA8}.Debug|Any CPU.Build.0 = Debug|Any CPU
		{2B44A0E1-82F0-4FE4-B1AA-FB15945EDFA8}.Release|Any CPU.ActiveCfg = Release|Any CPU
		{2B44A0E1-82F0-4FE4-B1AA-FB15945EDFA8}.Release|Any CPU.Build.0 = Release|Any CPU
		{78CF38A2-8DA6-40F5-9086-D8A74813A2A5}.Debug|Any CPU.ActiveCfg = Debug|Any CPU
		{78CF38A2-8DA6-40F5-9086-D8A74813A2A5}.Debug|Any CPU.Build.0 = Debug|Any CPU
		{78CF38A2-8DA6-40F5-9086-D8A74813A2A5}.Release|Any CPU.ActiveCfg = Release|Any CPU
		{78CF38A2-8DA6-40F5-9086-D8A74813A2A5}.Release|Any CPU.Build.0 = Release|Any CPU
		{3A700F65-CF81-40FB-871D-C919DC59FE74}.Debug|Any CPU.ActiveCfg = Debug|Any CPU
		{3A700F65-CF81-40FB-871D-C919DC59FE74}.Debug|Any CPU.Build.0 = Debug|Any CPU
		{3A700F65-CF81-40FB-871D-C919DC59FE74}.Release|Any CPU.ActiveCfg = Release|Any CPU
		{3A700F65-CF81-40FB-871D-C919DC59FE74}.Release|Any CPU.Build.0 = Release|Any CPU
		{DBE5A9E2-5D68-4502-B5E7-95FA59D9A447}.Debug|Any CPU.ActiveCfg = Debug|Any CPU
		{DBE5A9E2-5D68-4502-B5E7-95FA59D9A447}.Debug|Any CPU.Build.0 = Debug|Any CPU
		{DBE5A9E2-5D68-4502-B5E7-95FA59D9A447}.Release|Any CPU.ActiveCfg = Release|Any CPU
		{DBE5A9E2-5D68-4502-B5E7-95FA59D9A447}.Release|Any CPU.Build.0 = Release|Any CPU
		{23150AC0-46C5-4C4E-BE75-393E9609C1D3}.Debug|Any CPU.ActiveCfg = Debug|Any CPU
		{23150AC0-46C5-4C4E-BE75-393E9609C1D3}.Debug|Any CPU.Build.0 = Debug|Any CPU
		{23150AC0-46C5-4C4E-BE75-393E9609C1D3}.Release|Any CPU.ActiveCfg = Release|Any CPU
		{23150AC0-46C5-4C4E-BE75-393E9609C1D3}.Release|Any CPU.Build.0 = Release|Any CPU
		{877C7D11-A757-4DD2-BC30-53EDB02927C2}.Debug|Any CPU.ActiveCfg = Debug|Any CPU
		{877C7D11-A757-4DD2-BC30-53EDB02927C2}.Debug|Any CPU.Build.0 = Debug|Any CPU
		{877C7D11-A757-4DD2-BC30-53EDB02927C2}.Release|Any CPU.ActiveCfg = Release|Any CPU
		{877C7D11-A757-4DD2-BC30-53EDB02927C2}.Release|Any CPU.Build.0 = Release|Any CPU
		{A25E7051-B06D-4918-9FC6-A3665DB0337B}.Debug|Any CPU.ActiveCfg = Debug|Any CPU
		{A25E7051-B06D-4918-9FC6-A3665DB0337B}.Debug|Any CPU.Build.0 = Debug|Any CPU
		{A25E7051-B06D-4918-9FC6-A3665DB0337B}.Release|Any CPU.ActiveCfg = Release|Any CPU
		{A25E7051-B06D-4918-9FC6-A3665DB0337B}.Release|Any CPU.Build.0 = Release|Any CPU
	EndGlobalSection
	GlobalSection(SolutionProperties) = preSolution
		HideSolutionNode = FALSE
	EndGlobalSection
	GlobalSection(NestedProjects) = preSolution
		{ADFCC23B-788E-4E8C-A45C-9FD41988ED18} = {074BDDE2-B18C-45CB-81F2-7BDDCE1C9405}
		{1A2982FA-FD2D-4AB5-9EA8-B05181451027} = {77EAAF28-D6A0-48B8-9F04-ED157B064496}
		{155E7781-D26A-4C50-AAA0-D18A5EFA16F6} = {CA825CCC-11D9-4F42-8E61-BED835452D65}
		{CD110987-0021-4FF7-8AD3-70C919F8072E} = {F4EFF8DF-F3F8-41CA-AC0B-F1B70752DCB0}
		{0F967B6B-4EB2-4797-9B89-624CE9D3E102} = {ADBDFE81-D7DB-46DC-8210-4A6294399AED}
		{C058F33F-5CD6-4B2D-B50D-7581897A3890} = {0F967B6B-4EB2-4797-9B89-624CE9D3E102}
		{DDE8077B-AAD1-4D46-9EBB-42498AC5D05A} = {C058F33F-5CD6-4B2D-B50D-7581897A3890}
		{AEB60683-3694-442D-964C-8279470C77A0} = {D0B39432-FDCF-4CDD-A2EB-0FD08715600C}
		{3B5F8041-EA8C-40D0-AA0D-810A8790D863} = {D0B39432-FDCF-4CDD-A2EB-0FD08715600C}
		{7985D15D-5B7A-4B9E-BCD7-595878E82C13} = {4CD96CDB-C316-4F93-976F-EE29FBB998FD}
		{146C344C-802D-4E36-B8E0-1447419D0F99} = {444F533E-BC9E-404B-8C6E-D7C543A901A4}
		{17FF4C06-2D1F-455A-84A6-E208285814A0} = {146C344C-802D-4E36-B8E0-1447419D0F99}
		{1F753CB8-B55C-48CE-8309-EF0C2B5E12CC} = {4CD96CDB-C316-4F93-976F-EE29FBB998FD}
		{BA97C98C-9586-4697-9D28-05AC5C8244A6} = {4CD96CDB-C316-4F93-976F-EE29FBB998FD}
		{A1806FDB-6709-42E6-A9E3-4B5ADB614A77} = {4CD96CDB-C316-4F93-976F-EE29FBB998FD}
		{0C399744-2713-405F-941F-D8F256DB12EB} = {272DE78D-D80D-4E02-8BDF-FA2E957C74B9}
		{98DC75E1-33CA-4771-BBF7-5A76D91D882B} = {F27EFFAF-59E5-4FBC-BDDE-E5526F692515}
		{2B44A0E1-82F0-4FE4-B1AA-FB15945EDFA8} = {F27EFFAF-59E5-4FBC-BDDE-E5526F692515}
		{78CF38A2-8DA6-40F5-9086-D8A74813A2A5} = {F27EFFAF-59E5-4FBC-BDDE-E5526F692515}
		{3A700F65-CF81-40FB-871D-C919DC59FE74} = {F27EFFAF-59E5-4FBC-BDDE-E5526F692515}
		{DBE5A9E2-5D68-4502-B5E7-95FA59D9A447} = {F27EFFAF-59E5-4FBC-BDDE-E5526F692515}
		{23150AC0-46C5-4C4E-BE75-393E9609C1D3} = {F27EFFAF-59E5-4FBC-BDDE-E5526F692515}
		{877C7D11-A757-4DD2-BC30-53EDB02927C2} = {F27EFFAF-59E5-4FBC-BDDE-E5526F692515}
		{A25E7051-B06D-4918-9FC6-A3665DB0337B} = {F27EFFAF-59E5-4FBC-BDDE-E5526F692515}
	EndGlobalSection
	GlobalSection(ExtensibilityGlobals) = postSolution
		SolutionGuid = {4E594F15-94FA-413E-9E17-0D6B84C53408}
	EndGlobalSection
EndGlobal
