
Microsoft Visual Studio Solution File, Format Version 12.00
# Visual Studio Version 16
VisualStudioVersion = 16.0.29806.167
MinimumVisualStudioVersion = 10.0.40219.1
Project("{2150E333-8FDC-42A3-9474-1A3956D46DE8}") = "Class", "Class", "{074BDDE2-B18C-45CB-81F2-7BDDCE1C9405}"
EndProject
Project("{FAE04EC0-301F-11D3-BF4B-00C04F79EFBC}") = "CSharp.Class", "CSharp.Class\CSharp.Class.csproj", "{ADFCC23B-788E-4E8C-A45C-9FD41988ED18}"
EndProject
Project("{2150E333-8FDC-42A3-9474-1A3956D46DE8}") = "Arrays", "Arrays", "{77EAAF28-D6A0-48B8-9F04-ED157B064496}"
EndProject
Project("{FAE04EC0-301F-11D3-BF4B-00C04F79EFBC}") = "CSharp.Arrays", "CSharp.Arrays\CSharp.Arrays.csproj", "{1A2982FA-FD2D-4AB5-9EA8-B05181451027}"
EndProject
Project("{2150E333-8FDC-42A3-9474-1A3956D46DE8}") = "Loop", "Loop", "{CA825CCC-11D9-4F42-8E61-BED835452D65}"
EndProject
Project("{FAE04EC0-301F-11D3-BF4B-00C04F79EFBC}") = "CSharp.Loop", "CSharp.Loop\CSharp.Loop.csproj", "{155E7781-D26A-4C50-AAA0-D18A5EFA16F6}"
EndProject
Project("{2150E333-8FDC-42A3-9474-1A3956D46DE8}") = "Aritmetik", "Aritmetik", "{F4EFF8DF-F3F8-41CA-AC0B-F1B70752DCB0}"
EndProject
Project("{FAE04EC0-301F-11D3-BF4B-00C04F79EFBC}") = "CSharp.Aritmetik", "CSharp.Aritmetik\CSharp.Aritmetik.csproj", "{CD110987-0021-4FF7-8AD3-70C919F8072E}"
EndProject
Project("{2150E333-8FDC-42A3-9474-1A3956D46DE8}") = "FundamentalsCourseOne", "FundamentalsCourseOne", "{ADBDFE81-D7DB-46DC-8210-4A6294399AED}"
EndProject
Project("{2150E333-8FDC-42A3-9474-1A3956D46DE8}") = "gradebook", "gradebook", "{0F967B6B-4EB2-4797-9B89-624CE9D3E102}"
EndProject
Project("{2150E333-8FDC-42A3-9474-1A3956D46DE8}") = "src", "src", "{C058F33F-5CD6-4B2D-B50D-7581897A3890}"
EndProject
Project("{FAE04EC0-301F-11D3-BF4B-00C04F79EFBC}") = "GradeBook", "FundamentalsCourseOne\gradebook\src\GradeBook\GradeBook.csproj", "{DDE8077B-AAD1-4D46-9EBB-42498AC5D05A}"
EndProject
Global
	GlobalSection(SolutionConfigurationPlatforms) = preSolution
		Debug|Any CPU = Debug|Any CPU
		Release|Any CPU = Release|Any CPU
	EndGlobalSection
	GlobalSection(ProjectConfigurationPlatforms) = postSolution
		{ADFCC23B-788E-4E8C-A45C-9FD41988ED18}.Debug|Any CPU.ActiveCfg = Debug|Any CPU
		{ADFCC23B-788E-4E8C-A45C-9FD41988ED18}.Debug|Any CPU.Build.0 = Debug|Any CPU
		{ADFCC23B-788E-4E8C-A45C-9FD41988ED18}.Release|Any CPU.ActiveCfg = Release|Any CPU
		{ADFCC23B-788E-4E8C-A45C-9FD41988ED18}.Release|Any CPU.Build.0 = Release|Any CPU
		{1A2982FA-FD2D-4AB5-9EA8-B05181451027}.Debug|Any CPU.ActiveCfg = Debug|Any CPU
		{1A2982FA-FD2D-4AB5-9EA8-B05181451027}.Debug|Any CPU.Build.0 = Debug|Any CPU
		{1A2982FA-FD2D-4AB5-9EA8-B05181451027}.Release|Any CPU.ActiveCfg = Release|Any CPU
		{1A2982FA-FD2D-4AB5-9EA8-B05181451027}.Release|Any CPU.Build.0 = Release|Any CPU
		{155E7781-D26A-4C50-AAA0-D18A5EFA16F6}.Debug|Any CPU.ActiveCfg = Debug|Any CPU
		{155E7781-D26A-4C50-AAA0-D18A5EFA16F6}.Debug|Any CPU.Build.0 = Debug|Any CPU
		{155E7781-D26A-4C50-AAA0-D18A5EFA16F6}.Release|Any CPU.ActiveCfg = Release|Any CPU
		{155E7781-D26A-4C50-AAA0-D18A5EFA16F6}.Release|Any CPU.Build.0 = Release|Any CPU
		{CD110987-0021-4FF7-8AD3-70C919F8072E}.Debug|Any CPU.ActiveCfg = Debug|Any CPU
		{CD110987-0021-4FF7-8AD3-70C919F8072E}.Debug|Any CPU.Build.0 = Debug|Any CPU
		{CD110987-0021-4FF7-8AD3-70C919F8072E}.Release|Any CPU.ActiveCfg = Release|Any CPU
		{CD110987-0021-4FF7-8AD3-70C919F8072E}.Release|Any CPU.Build.0 = Release|Any CPU
		{DDE8077B-AAD1-4D46-9EBB-42498AC5D05A}.Debug|Any CPU.ActiveCfg = Debug|Any CPU
		{DDE8077B-AAD1-4D46-9EBB-42498AC5D05A}.Debug|Any CPU.Build.0 = Debug|Any CPU
		{DDE8077B-AAD1-4D46-9EBB-42498AC5D05A}.Release|Any CPU.ActiveCfg = Release|Any CPU
		{DDE8077B-AAD1-4D46-9EBB-42498AC5D05A}.Release|Any CPU.Build.0 = Release|Any CPU
	EndGlobalSection
	GlobalSection(SolutionProperties) = preSolution
		HideSolutionNode = FALSE
	EndGlobalSection
	GlobalSection(NestedProjects) = preSolution
		{ADFCC23B-788E-4E8C-A45C-9FD41988ED18} = {074BDDE2-B18C-45CB-81F2-7BDDCE1C9405}
		{1A2982FA-FD2D-4AB5-9EA8-B05181451027} = {77EAAF28-D6A0-48B8-9F04-ED157B064496}
		{155E7781-D26A-4C50-AAA0-D18A5EFA16F6} = {CA825CCC-11D9-4F42-8E61-BED835452D65}
		{CD110987-0021-4FF7-8AD3-70C919F8072E} = {F4EFF8DF-F3F8-41CA-AC0B-F1B70752DCB0}
		{0F967B6B-4EB2-4797-9B89-624CE9D3E102} = {ADBDFE81-D7DB-46DC-8210-4A6294399AED}
		{C058F33F-5CD6-4B2D-B50D-7581897A3890} = {0F967B6B-4EB2-4797-9B89-624CE9D3E102}
		{DDE8077B-AAD1-4D46-9EBB-42498AC5D05A} = {C058F33F-5CD6-4B2D-B50D-7581897A3890}
	EndGlobalSection
	GlobalSection(ExtensibilityGlobals) = postSolution
		SolutionGuid = {4E594F15-94FA-413E-9E17-0D6B84C53408}
	EndGlobalSection
EndGlobal
