
Microsoft Visual Studio Solution File, Format Version 12.00
# Visual Studio Version 16
VisualStudioVersion = 16.0.29806.167
MinimumVisualStudioVersion = 10.0.40219.1
Project("{2150E333-8FDC-42A3-9474-1A3956D46DE8}") = "Class", "Class", "{074BDDE2-B18C-45CB-81F2-7BDDCE1C9405}"
EndProject
Project("{FAE04EC0-301F-11D3-BF4B-00C04F79EFBC}") = "CSharp.Class", "CSharp.Class\CSharp.Class.csproj", "{ADFCC23B-788E-4E8C-A45C-9FD41988ED18}"
EndProject
Project("{2150E333-8FDC-42A3-9474-1A3956D46DE8}") = "Arrays", "Arrays", "{77EAAF28-D6A0-48B8-9F04-ED157B064496}"
EndProject
Project("{FAE04EC0-301F-11D3-BF4B-00C04F79EFBC}") = "CSharp.Arrays", "CSharp.Arrays\CSharp.Arrays.csproj", "{1A2982FA-FD2D-4AB5-9EA8-B05181451027}"
EndProject
Project("{2150E333-8FDC-42A3-9474-1A3956D46DE8}") = "Loop", "Loop", "{CA825CCC-11D9-4F42-8E61-BED835452D65}"
EndProject
Project("{FAE04EC0-301F-11D3-BF4B-00C04F79EFBC}") = "CSharp.Loop", "CSharp.Loop\CSharp.Loop.csproj", "{155E7781-D26A-4C50-AAA0-D18A5EFA16F6}"
EndProject
Project("{2150E333-8FDC-42A3-9474-1A3956D46DE8}") = "Aritmetik", "Aritmetik", "{F4EFF8DF-F3F8-41CA-AC0B-F1B70752DCB0}"
EndProject
Project("{FAE04EC0-301F-11D3-BF4B-00C04F79EFBC}") = "CSharp.Aritmetik", "CSharp.Aritmetik\CSharp.Aritmetik.csproj", "{CD110987-0021-4FF7-8AD3-70C919F8072E}"
EndProject
Project("{2150E333-8FDC-42A3-9474-1A3956D46DE8}") = "FundamentalsCourseOne", "FundamentalsCourseOne", "{ADBDFE81-D7DB-46DC-8210-4A6294399AED}"
EndProject
Project("{2150E333-8FDC-42A3-9474-1A3956D46DE8}") = "gradebook", "gradebook", "{0F967B6B-4EB2-4797-9B89-624CE9D3E102}"
EndProject
Project("{2150E333-8FDC-42A3-9474-1A3956D46DE8}") = "src", "src", "{C058F33F-5CD6-4B2D-B50D-7581897A3890}"
EndProject
Project("{9A19103F-16F7-4668-BE54-9A1E7A4F7556}") = "GradeBook", "FundamentalsCourseOne\gradebook\src\GradeBook\GradeBook.csproj", "{DDE8077B-AAD1-4D46-9EBB-42498AC5D05A}"
EndProject
Project("{2150E333-8FDC-42A3-9474-1A3956D46DE8}") = "CSharp.DesignPatterns", "CSharp.DesignPatterns", "{D0B39432-FDCF-4CDD-A2EB-0FD08715600C}"
EndProject
Project("{9A19103F-16F7-4668-BE54-9A1E7A4F7556}") = "CSharp.DesignPatterns.AbstractFactory", "CSharp.DesignPatterns\CSharp.DesignPatterns.AbstractFactory\CSharp.DesignPatterns.AbstractFactory.csproj", "{AEB60683-3694-442D-964C-8279470C77A0}"
EndProject
Project("{FAE04EC0-301F-11D3-BF4B-00C04F79EFBC}") = "CSharp.DesignPatterns.Builder", "CSharp.DesignPatterns.Builder\CSharp.DesignPatterns.Builder.csproj", "{3B5F8041-EA8C-40D0-AA0D-810A8790D863}"
EndProject
Project("{2150E333-8FDC-42A3-9474-1A3956D46DE8}") = "Math", "Math", "{4CD96CDB-C316-4F93-976F-EE29FBB998FD}"
EndProject
Project("{FAE04EC0-301F-11D3-BF4B-00C04F79EFBC}") = "BestDivisor", "BestDivisor\BestDivisor.csproj", "{7985D15D-5B7A-4B9E-BCD7-595878E82C13}"
EndProject
Project("{2150E333-8FDC-42A3-9474-1A3956D46DE8}") = "OOP", "OOP", "{444F533E-BC9E-404B-8C6E-D7C543A901A4}"
EndProject
Project("{2150E333-8FDC-42A3-9474-1A3956D46DE8}") = "Polimorphism", "Polimorphism", "{146C344C-802D-4E36-B8E0-1447419D0F99}"
EndProject
Project("{FAE04EC0-301F-11D3-BF4B-00C04F79EFBC}") = "Polimorphism.One", "Polimorphism.One\Polimorphism.One.csproj", "{17FF4C06-2D1F-455A-84A6-E208285814A0}"
EndProject
Project("{FAE04EC0-301F-11D3-BF4B-00C04F79EFBC}") = "PrimeNumber", "PrimeNumber\PrimeNumber.csproj", "{1F753CB8-B55C-48CE-8309-EF0C2B5E12CC}"
EndProject
Project("{FAE04EC0-301F-11D3-BF4B-00C04F79EFBC}") = "ATM", "ATM\ATM.csproj", "{BA97C98C-9586-4697-9D28-05AC5C8244A6}"
EndProject
Project("{FAE04EC0-301F-11D3-BF4B-00C04F79EFBC}") = "HalloweenParty", "HalloweenParty\HalloweenParty.csproj", "{A1806FDB-6709-42E6-A9E3-4B5ADB614A77}"
EndProject
Project("{2150E333-8FDC-42A3-9474-1A3956D46DE8}") = "ValueTypes", "ValueTypes", "{A8F4B6F8-2993-4DE9-8D2D-96DE8819C265}"
EndProject
Project("{2150E333-8FDC-42A3-9474-1A3956D46DE8}") = "Data.Types", "Data.Types", "{272DE78D-D80D-4E02-8BDF-FA2E957C74B9}"
EndProject
Project("{FAE04EC0-301F-11D3-BF4B-00C04F79EFBC}") = "CSharp.DataTypes", "CSharp.DataTypes\CSharp.DataTypes.csproj", "{0C399744-2713-405F-941F-D8F256DB12EB}"
EndProject
Project("{2150E333-8FDC-42A3-9474-1A3956D46DE8}") = "Intro", "Intro", "{A36E35BA-5BDD-4857-A9AC-6943EA774F69}"
EndProject
Project("{2150E333-8FDC-42A3-9474-1A3956D46DE8}") = "Csharp_02", "Csharp_02", "{F27EFFAF-59E5-4FBC-BDDE-E5526F692515}"
	ProjectSection(SolutionItems) = preProject
		C:\Users\Asus\source\repos\PragmatechEducation\CSharp_02\README.md = C:\Users\Asus\source\repos\PragmatechEducation\CSharp_02\README.md
		syllabus.txt = syllabus.txt
	EndProjectSection
EndProject
Project("{9A19103F-16F7-4668-BE54-9A1E7A4F7556}") = "BasicIntro", "BasicIntro\BasicIntro.csproj", "{2B44A0E1-82F0-4FE4-B1AA-FB15945EDFA8}"
EndProject
Project("{9A19103F-16F7-4668-BE54-9A1E7A4F7556}") = "Variables", "Varaibles\Variables.csproj", "{78CF38A2-8DA6-40F5-9086-D8A74813A2A5}"
EndProject
Project("{9A19103F-16F7-4668-BE54-9A1E7A4F7556}") = "DataTypes", "DataTypes\DataTypes.csproj", "{3A700F65-CF81-40FB-871D-C919DC59FE74}"
EndProject
Project("{9A19103F-16F7-4668-BE54-9A1E7A4F7556}") = "Operators", "Operators\Operators.csproj", "{DBE5A9E2-5D68-4502-B5E7-95FA59D9A447}"
EndProject
Project("{9A19103F-16F7-4668-BE54-9A1E7A4F7556}") = "DecisionMaking", "DecisionMaking\DecisionMaking.csproj", "{23150AC0-46C5-4C4E-BE75-393E9609C1D3}"
EndProject
Project("{9A19103F-16F7-4668-BE54-9A1E7A4F7556}") = "Loops", "Loops\Loops.csproj", "{877C7D11-A757-4DD2-BC30-53EDB02927C2}"
EndProject
Project("{9A19103F-16F7-4668-BE54-9A1E7A4F7556}") = "CSharpPatternMatching_7_0", "CSharpPatternMatching_7_0\CSharpPatternMatching_7_0.csproj", "{A25E7051-B06D-4918-9FC6-A3665DB0337B}"
EndProject
Project("{9A19103F-16F7-4668-BE54-9A1E7A4F7556}") = "Keywords_and_manevratik_komutlar", "Keywords_and_manevratik_komutlar\Keywords_and_manevratik_komutlar.csproj", "{391E3F98-5081-42D5-B481-2DA4539C2C16}"
EndProject
Project("{9A19103F-16F7-4668-BE54-9A1E7A4F7556}") = "Arrays", "Arrays\Arrays.csproj", "{05ABD240-58F7-4606-81D6-2B2E4264318A}"
EndProject
Project("{9A19103F-16F7-4668-BE54-9A1E7A4F7556}") = "About_String", "About_String\About_String.csproj", "{F2DE8DAF-5A89-4540-B7C4-DD02186FB759}"
EndProject
Project("{9A19103F-16F7-4668-BE54-9A1E7A4F7556}") = "Collections", "Collections\Collections.csproj", "{5E4EE83A-D0C4-482A-A5C3-E3D7CE19B1CB}"
EndProject
Project("{9A19103F-16F7-4668-BE54-9A1E7A4F7556}") = "Methods_Intro", "Methods_Intro\Methods_Intro.csproj", "{EFFB0EF2-98AB-4244-A1D8-16CCF3954B0D}"
EndProject
Project("{9A19103F-16F7-4668-BE54-9A1E7A4F7556}") = "Tasks", "Tasks\Tasks.csproj", "{6BAD940A-3A52-471D-8898-E4980B8946AC}"
EndProject
Project("{9A19103F-16F7-4668-BE54-9A1E7A4F7556}") = "Span_ReadOnlySpan_extc", "Span_ReadOnlySpan_extc\Span_ReadOnlySpan_extc.csproj", "{AC06E74E-22C0-427A-A3B2-2689EA22F210}"
EndProject
Project("{9A19103F-16F7-4668-BE54-9A1E7A4F7556}") = "RegularExpressions", "RegularExpresions\RegularExpressions.csproj", "{B82A32DE-F112-4BB2-94A2-B675906EAC75}"
EndProject
Project("{9A19103F-16F7-4668-BE54-9A1E7A4F7556}") = "OOP", "OOP\OOP.csproj", "{038A8550-B391-48D7-98B4-37AB2E1F2878}"
EndProject
Project("{9A19103F-16F7-4668-BE54-9A1E7A4F7556}") = "OOP.Encapsulation", "OOP.Encapsulation\OOP.Encapsulation.csproj", "{6323327D-007B-4240-9647-0238D049D240}"
EndProject
Project("{9A19103F-16F7-4668-BE54-9A1E7A4F7556}") = "OOP.Static", "OOP.Static\OOP.Static.csproj", "{C4D33859-35C0-4B41-AE8D-FC93606AF1EC}"
EndProject
Project("{9A19103F-16F7-4668-BE54-9A1E7A4F7556}") = "OOP.InnerType", "OOP.InnerType\OOP.InnerType.csproj", "{0F26FC10-D824-483B-8228-26D364239B76}"
EndProject
Project("{2150E333-8FDC-42A3-9474-1A3956D46DE8}") = "Tasks01", "Tasks01", "{99B6724C-02AF-47F7-B329-9787475201A6}"
EndProject
Project("{9A19103F-16F7-4668-BE54-9A1E7A4F7556}") = "Week6.Tasks", "Week6.Tasks\Week6.Tasks.csproj", "{5903A21D-52E5-41A7-B91B-DA2B2BC30D24}"
EndProject
Project("{9A19103F-16F7-4668-BE54-9A1E7A4F7556}") = "ShoppingCard", "ShoppingCard\ShoppingCard.csproj", "{E77F0136-E1C1-47AC-A61C-F81F4E69723A}"
EndProject
Project("{9A19103F-16F7-4668-BE54-9A1E7A4F7556}") = "OOP.Inheritance", "OOP.Inheritance\OOP.Inheritance.csproj", "{99DA60E0-FB6A-41B0-9C47-D2EF2F20D00D}"
EndProject
Project("{9A19103F-16F7-4668-BE54-9A1E7A4F7556}") = "OOP.Polymorphism", "OOP.Polymorphism\OOP.Polymorphism.csproj", "{DD86B80E-F1B7-46C9-AA61-3C736E71C800}"
EndProject
Project("{9A19103F-16F7-4668-BE54-9A1E7A4F7556}") = "OOP.Abstraction", "OOP.Abstraction\OOP.Abstraction.csproj", "{6324AD78-3B27-4B49-A67A-E377FA631151}"
EndProject
Project("{9A19103F-16F7-4668-BE54-9A1E7A4F7556}") = "OOP.Interface", "OOP.Interface\OOP.Interface.csproj", "{64063ECE-9CBA-4E10-94CB-50D3AA61B108}"
EndProject
Project("{9A19103F-16F7-4668-BE54-9A1E7A4F7556}") = "Week7.Tasks", "Week7.Tasks\Week7.Tasks.csproj", "{08E5455F-8A44-4551-8D1F-E0874FD1C461}"
EndProject
Project("{2150E333-8FDC-42A3-9474-1A3956D46DE8}") = "CSharp-02", "CSharp-02", "{20750200-4695-4B04-B5FB-69B6977788EF}"
EndProject
Project("{2150E333-8FDC-42A3-9474-1A3956D46DE8}") = "WindowsFormsApp", "WindowsFormsApp", "{CF0DF44A-33C1-4E14-B5D8-445293821039}"
	ProjectSection(SolutionItems) = preProject
		WinFormIntro.txt = WinFormIntro.txt
	EndProjectSection
EndProject
Project("{2150E333-8FDC-42A3-9474-1A3956D46DE8}") = "CSharp", "CSharp", "{51A115CB-62D5-4686-BDCE-92E26A24AC52}"
EndProject
Project("{9A19103F-16F7-4668-BE54-9A1E7A4F7556}") = "CSharp.PartialClass", "CSharp-02\CSharp\CSharp.PartialClass\CSharp.PartialClass.csproj", "{EE745BD1-3D0A-41AD-9DE9-580022296D31}"
EndProject
Project("{9A19103F-16F7-4668-BE54-9A1E7A4F7556}") = "CSharp.OOP.Enum", "CSharp-02\CSharp\CSharp.OOP.Enum\CSharp.OOP.Enum.csproj", "{D5E050B9-50EB-40C9-9B02-920A24EBBAC7}"
EndProject
Project("{9A19103F-16F7-4668-BE54-9A1E7A4F7556}") = "CSharp.GenericCollections", "CSharp-02\CSharp\CSharp.GenericCollections\CSharp.GenericCollections.csproj", "{149CC928-48E7-4519-A092-0826348F629B}"
EndProject
Project("{9A19103F-16F7-4668-BE54-9A1E7A4F7556}") = "CSharp.Generic", "CSharp-02\CSharp\CSharp.Generic\CSharp.Generic.csproj", "{ADE21090-F686-4247-BB34-93656097A01C}"
EndProject
Project("{9A19103F-16F7-4668-BE54-9A1E7A4F7556}") = "WindowsFormsApp.WinFormsIntro", "CSharp-02\WindowsFormsApp\WindowsFormsApp.WinFormsIntro\WindowsFormsApp.WinFormsIntro.csproj", "{D5E1832B-D82F-4DAA-A159-F284122DDC7C}"
EndProject
Project("{FAE04EC0-301F-11D3-BF4B-00C04F79EFBC}") = "WindowsFormsApp.TransferDataBetweenForms2", "WindowsFormsApp.TransferDataBetweenForms2\WindowsFormsApp.TransferDataBetweenForms2.csproj", "{39B75ED8-A43C-4C2B-9AC5-1F26A99D0725}"
EndProject
Global
	GlobalSection(SolutionConfigurationPlatforms) = preSolution
		Debug|Any CPU = Debug|Any CPU
		Release|Any CPU = Release|Any CPU
	EndGlobalSection
	GlobalSection(ProjectConfigurationPlatforms) = postSolution
		{ADFCC23B-788E-4E8C-A45C-9FD41988ED18}.Debug|Any CPU.ActiveCfg = Debug|Any CPU
		{ADFCC23B-788E-4E8C-A45C-9FD41988ED18}.Debug|Any CPU.Build.0 = Debug|Any CPU
		{ADFCC23B-788E-4E8C-A45C-9FD41988ED18}.Release|Any CPU.ActiveCfg = Release|Any CPU
		{ADFCC23B-788E-4E8C-A45C-9FD41988ED18}.Release|Any CPU.Build.0 = Release|Any CPU
		{1A2982FA-FD2D-4AB5-9EA8-B05181451027}.Debug|Any CPU.ActiveCfg = Debug|Any CPU
		{1A2982FA-FD2D-4AB5-9EA8-B05181451027}.Debug|Any CPU.Build.0 = Debug|Any CPU
		{1A2982FA-FD2D-4AB5-9EA8-B05181451027}.Release|Any CPU.ActiveCfg = Release|Any CPU
		{1A2982FA-FD2D-4AB5-9EA8-B05181451027}.Release|Any CPU.Build.0 = Release|Any CPU
		{155E7781-D26A-4C50-AAA0-D18A5EFA16F6}.Debug|Any CPU.ActiveCfg = Debug|Any CPU
		{155E7781-D26A-4C50-AAA0-D18A5EFA16F6}.Debug|Any CPU.Build.0 = Debug|Any CPU
		{155E7781-D26A-4C50-AAA0-D18A5EFA16F6}.Release|Any CPU.ActiveCfg = Release|Any CPU
		{155E7781-D26A-4C50-AAA0-D18A5EFA16F6}.Release|Any CPU.Build.0 = Release|Any CPU
		{CD110987-0021-4FF7-8AD3-70C919F8072E}.Debug|Any CPU.ActiveCfg = Debug|Any CPU
		{CD110987-0021-4FF7-8AD3-70C919F8072E}.Debug|Any CPU.Build.0 = Debug|Any CPU
		{CD110987-0021-4FF7-8AD3-70C919F8072E}.Release|Any CPU.ActiveCfg = Release|Any CPU
		{CD110987-0021-4FF7-8AD3-70C919F8072E}.Release|Any CPU.Build.0 = Release|Any CPU
		{DDE8077B-AAD1-4D46-9EBB-42498AC5D05A}.Debug|Any CPU.ActiveCfg = Debug|Any CPU
		{DDE8077B-AAD1-4D46-9EBB-42498AC5D05A}.Debug|Any CPU.Build.0 = Debug|Any CPU
		{DDE8077B-AAD1-4D46-9EBB-42498AC5D05A}.Release|Any CPU.ActiveCfg = Release|Any CPU
		{DDE8077B-AAD1-4D46-9EBB-42498AC5D05A}.Release|Any CPU.Build.0 = Release|Any CPU
		{AEB60683-3694-442D-964C-8279470C77A0}.Debug|Any CPU.ActiveCfg = Debug|Any CPU
		{AEB60683-3694-442D-964C-8279470C77A0}.Debug|Any CPU.Build.0 = Debug|Any CPU
		{AEB60683-3694-442D-964C-8279470C77A0}.Release|Any CPU.ActiveCfg = Release|Any CPU
		{AEB60683-3694-442D-964C-8279470C77A0}.Release|Any CPU.Build.0 = Release|Any CPU
		{3B5F8041-EA8C-40D0-AA0D-810A8790D863}.Debug|Any CPU.ActiveCfg = Debug|Any CPU
		{3B5F8041-EA8C-40D0-AA0D-810A8790D863}.Debug|Any CPU.Build.0 = Debug|Any CPU
		{3B5F8041-EA8C-40D0-AA0D-810A8790D863}.Release|Any CPU.ActiveCfg = Release|Any CPU
		{3B5F8041-EA8C-40D0-AA0D-810A8790D863}.Release|Any CPU.Build.0 = Release|Any CPU
		{7985D15D-5B7A-4B9E-BCD7-595878E82C13}.Debug|Any CPU.ActiveCfg = Debug|Any CPU
		{7985D15D-5B7A-4B9E-BCD7-595878E82C13}.Debug|Any CPU.Build.0 = Debug|Any CPU
		{7985D15D-5B7A-4B9E-BCD7-595878E82C13}.Release|Any CPU.ActiveCfg = Release|Any CPU
		{7985D15D-5B7A-4B9E-BCD7-595878E82C13}.Release|Any CPU.Build.0 = Release|Any CPU
		{17FF4C06-2D1F-455A-84A6-E208285814A0}.Debug|Any CPU.ActiveCfg = Debug|Any CPU
		{17FF4C06-2D1F-455A-84A6-E208285814A0}.Debug|Any CPU.Build.0 = Debug|Any CPU
		{17FF4C06-2D1F-455A-84A6-E208285814A0}.Release|Any CPU.ActiveCfg = Release|Any CPU
		{17FF4C06-2D1F-455A-84A6-E208285814A0}.Release|Any CPU.Build.0 = Release|Any CPU
		{1F753CB8-B55C-48CE-8309-EF0C2B5E12CC}.Debug|Any CPU.ActiveCfg = Debug|Any CPU
		{1F753CB8-B55C-48CE-8309-EF0C2B5E12CC}.Debug|Any CPU.Build.0 = Debug|Any CPU
		{1F753CB8-B55C-48CE-8309-EF0C2B5E12CC}.Release|Any CPU.ActiveCfg = Release|Any CPU
		{1F753CB8-B55C-48CE-8309-EF0C2B5E12CC}.Release|Any CPU.Build.0 = Release|Any CPU
		{BA97C98C-9586-4697-9D28-05AC5C8244A6}.Debug|Any CPU.ActiveCfg = Debug|Any CPU
		{BA97C98C-9586-4697-9D28-05AC5C8244A6}.Debug|Any CPU.Build.0 = Debug|Any CPU
		{BA97C98C-9586-4697-9D28-05AC5C8244A6}.Release|Any CPU.ActiveCfg = Release|Any CPU
		{BA97C98C-9586-4697-9D28-05AC5C8244A6}.Release|Any CPU.Build.0 = Release|Any CPU
		{A1806FDB-6709-42E6-A9E3-4B5ADB614A77}.Debug|Any CPU.ActiveCfg = Debug|Any CPU
		{A1806FDB-6709-42E6-A9E3-4B5ADB614A77}.Debug|Any CPU.Build.0 = Debug|Any CPU
		{A1806FDB-6709-42E6-A9E3-4B5ADB614A77}.Release|Any CPU.ActiveCfg = Release|Any CPU
		{A1806FDB-6709-42E6-A9E3-4B5ADB614A77}.Release|Any CPU.Build.0 = Release|Any CPU
		{0C399744-2713-405F-941F-D8F256DB12EB}.Debug|Any CPU.ActiveCfg = Debug|Any CPU
		{0C399744-2713-405F-941F-D8F256DB12EB}.Debug|Any CPU.Build.0 = Debug|Any CPU
		{0C399744-2713-405F-941F-D8F256DB12EB}.Release|Any CPU.ActiveCfg = Release|Any CPU
		{0C399744-2713-405F-941F-D8F256DB12EB}.Release|Any CPU.Build.0 = Release|Any CPU
		{2B44A0E1-82F0-4FE4-B1AA-FB15945EDFA8}.Debug|Any CPU.ActiveCfg = Debug|Any CPU
		{2B44A0E1-82F0-4FE4-B1AA-FB15945EDFA8}.Debug|Any CPU.Build.0 = Debug|Any CPU
		{2B44A0E1-82F0-4FE4-B1AA-FB15945EDFA8}.Release|Any CPU.ActiveCfg = Release|Any CPU
		{2B44A0E1-82F0-4FE4-B1AA-FB15945EDFA8}.Release|Any CPU.Build.0 = Release|Any CPU
		{78CF38A2-8DA6-40F5-9086-D8A74813A2A5}.Debug|Any CPU.ActiveCfg = Debug|Any CPU
		{78CF38A2-8DA6-40F5-9086-D8A74813A2A5}.Debug|Any CPU.Build.0 = Debug|Any CPU
		{78CF38A2-8DA6-40F5-9086-D8A74813A2A5}.Release|Any CPU.ActiveCfg = Release|Any CPU
		{78CF38A2-8DA6-40F5-9086-D8A74813A2A5}.Release|Any CPU.Build.0 = Release|Any CPU
		{3A700F65-CF81-40FB-871D-C919DC59FE74}.Debug|Any CPU.ActiveCfg = Debug|Any CPU
		{3A700F65-CF81-40FB-871D-C919DC59FE74}.Debug|Any CPU.Build.0 = Debug|Any CPU
		{3A700F65-CF81-40FB-871D-C919DC59FE74}.Release|Any CPU.ActiveCfg = Release|Any CPU
		{3A700F65-CF81-40FB-871D-C919DC59FE74}.Release|Any CPU.Build.0 = Release|Any CPU
		{DBE5A9E2-5D68-4502-B5E7-95FA59D9A447}.Debug|Any CPU.ActiveCfg = Debug|Any CPU
		{DBE5A9E2-5D68-4502-B5E7-95FA59D9A447}.Debug|Any CPU.Build.0 = Debug|Any CPU
		{DBE5A9E2-5D68-4502-B5E7-95FA59D9A447}.Release|Any CPU.ActiveCfg = Release|Any CPU
		{DBE5A9E2-5D68-4502-B5E7-95FA59D9A447}.Release|Any CPU.Build.0 = Release|Any CPU
		{23150AC0-46C5-4C4E-BE75-393E9609C1D3}.Debug|Any CPU.ActiveCfg = Debug|Any CPU
		{23150AC0-46C5-4C4E-BE75-393E9609C1D3}.Debug|Any CPU.Build.0 = Debug|Any CPU
		{23150AC0-46C5-4C4E-BE75-393E9609C1D3}.Release|Any CPU.ActiveCfg = Release|Any CPU
		{23150AC0-46C5-4C4E-BE75-393E9609C1D3}.Release|Any CPU.Build.0 = Release|Any CPU
		{877C7D11-A757-4DD2-BC30-53EDB02927C2}.Debug|Any CPU.ActiveCfg = Debug|Any CPU
		{877C7D11-A757-4DD2-BC30-53EDB02927C2}.Debug|Any CPU.Build.0 = Debug|Any CPU
		{877C7D11-A757-4DD2-BC30-53EDB02927C2}.Release|Any CPU.ActiveCfg = Release|Any CPU
		{877C7D11-A757-4DD2-BC30-53EDB02927C2}.Release|Any CPU.Build.0 = Release|Any CPU
		{A25E7051-B06D-4918-9FC6-A3665DB0337B}.Debug|Any CPU.ActiveCfg = Debug|Any CPU
		{A25E7051-B06D-4918-9FC6-A3665DB0337B}.Debug|Any CPU.Build.0 = Debug|Any CPU
		{A25E7051-B06D-4918-9FC6-A3665DB0337B}.Release|Any CPU.ActiveCfg = Release|Any CPU
		{A25E7051-B06D-4918-9FC6-A3665DB0337B}.Release|Any CPU.Build.0 = Release|Any CPU
		{391E3F98-5081-42D5-B481-2DA4539C2C16}.Debug|Any CPU.ActiveCfg = Debug|Any CPU
		{391E3F98-5081-42D5-B481-2DA4539C2C16}.Debug|Any CPU.Build.0 = Debug|Any CPU
		{391E3F98-5081-42D5-B481-2DA4539C2C16}.Release|Any CPU.ActiveCfg = Release|Any CPU
		{391E3F98-5081-42D5-B481-2DA4539C2C16}.Release|Any CPU.Build.0 = Release|Any CPU
		{05ABD240-58F7-4606-81D6-2B2E4264318A}.Debug|Any CPU.ActiveCfg = Debug|Any CPU
		{05ABD240-58F7-4606-81D6-2B2E4264318A}.Debug|Any CPU.Build.0 = Debug|Any CPU
		{05ABD240-58F7-4606-81D6-2B2E4264318A}.Release|Any CPU.ActiveCfg = Release|Any CPU
		{05ABD240-58F7-4606-81D6-2B2E4264318A}.Release|Any CPU.Build.0 = Release|Any CPU
		{F2DE8DAF-5A89-4540-B7C4-DD02186FB759}.Debug|Any CPU.ActiveCfg = Debug|Any CPU
		{F2DE8DAF-5A89-4540-B7C4-DD02186FB759}.Debug|Any CPU.Build.0 = Debug|Any CPU
		{F2DE8DAF-5A89-4540-B7C4-DD02186FB759}.Release|Any CPU.ActiveCfg = Release|Any CPU
		{F2DE8DAF-5A89-4540-B7C4-DD02186FB759}.Release|Any CPU.Build.0 = Release|Any CPU
		{5E4EE83A-D0C4-482A-A5C3-E3D7CE19B1CB}.Debug|Any CPU.ActiveCfg = Debug|Any CPU
		{5E4EE83A-D0C4-482A-A5C3-E3D7CE19B1CB}.Debug|Any CPU.Build.0 = Debug|Any CPU
		{5E4EE83A-D0C4-482A-A5C3-E3D7CE19B1CB}.Release|Any CPU.ActiveCfg = Release|Any CPU
		{5E4EE83A-D0C4-482A-A5C3-E3D7CE19B1CB}.Release|Any CPU.Build.0 = Release|Any CPU
		{EFFB0EF2-98AB-4244-A1D8-16CCF3954B0D}.Debug|Any CPU.ActiveCfg = Debug|Any CPU
		{EFFB0EF2-98AB-4244-A1D8-16CCF3954B0D}.Debug|Any CPU.Build.0 = Debug|Any CPU
		{EFFB0EF2-98AB-4244-A1D8-16CCF3954B0D}.Release|Any CPU.ActiveCfg = Release|Any CPU
		{EFFB0EF2-98AB-4244-A1D8-16CCF3954B0D}.Release|Any CPU.Build.0 = Release|Any CPU
		{6BAD940A-3A52-471D-8898-E4980B8946AC}.Debug|Any CPU.ActiveCfg = Debug|Any CPU
		{6BAD940A-3A52-471D-8898-E4980B8946AC}.Debug|Any CPU.Build.0 = Debug|Any CPU
		{6BAD940A-3A52-471D-8898-E4980B8946AC}.Release|Any CPU.ActiveCfg = Release|Any CPU
		{6BAD940A-3A52-471D-8898-E4980B8946AC}.Release|Any CPU.Build.0 = Release|Any CPU
		{AC06E74E-22C0-427A-A3B2-2689EA22F210}.Debug|Any CPU.ActiveCfg = Debug|Any CPU
		{AC06E74E-22C0-427A-A3B2-2689EA22F210}.Debug|Any CPU.Build.0 = Debug|Any CPU
		{AC06E74E-22C0-427A-A3B2-2689EA22F210}.Release|Any CPU.ActiveCfg = Release|Any CPU
		{AC06E74E-22C0-427A-A3B2-2689EA22F210}.Release|Any CPU.Build.0 = Release|Any CPU
		{B82A32DE-F112-4BB2-94A2-B675906EAC75}.Debug|Any CPU.ActiveCfg = Debug|Any CPU
		{B82A32DE-F112-4BB2-94A2-B675906EAC75}.Debug|Any CPU.Build.0 = Debug|Any CPU
		{B82A32DE-F112-4BB2-94A2-B675906EAC75}.Release|Any CPU.ActiveCfg = Release|Any CPU
		{B82A32DE-F112-4BB2-94A2-B675906EAC75}.Release|Any CPU.Build.0 = Release|Any CPU
		{038A8550-B391-48D7-98B4-37AB2E1F2878}.Debug|Any CPU.ActiveCfg = Debug|Any CPU
		{038A8550-B391-48D7-98B4-37AB2E1F2878}.Debug|Any CPU.Build.0 = Debug|Any CPU
		{038A8550-B391-48D7-98B4-37AB2E1F2878}.Release|Any CPU.ActiveCfg = Release|Any CPU
		{038A8550-B391-48D7-98B4-37AB2E1F2878}.Release|Any CPU.Build.0 = Release|Any CPU
		{6323327D-007B-4240-9647-0238D049D240}.Debug|Any CPU.ActiveCfg = Debug|Any CPU
		{6323327D-007B-4240-9647-0238D049D240}.Debug|Any CPU.Build.0 = Debug|Any CPU
		{6323327D-007B-4240-9647-0238D049D240}.Release|Any CPU.ActiveCfg = Release|Any CPU
		{6323327D-007B-4240-9647-0238D049D240}.Release|Any CPU.Build.0 = Release|Any CPU
		{C4D33859-35C0-4B41-AE8D-FC93606AF1EC}.Debug|Any CPU.ActiveCfg = Debug|Any CPU
		{C4D33859-35C0-4B41-AE8D-FC93606AF1EC}.Debug|Any CPU.Build.0 = Debug|Any CPU
		{C4D33859-35C0-4B41-AE8D-FC93606AF1EC}.Release|Any CPU.ActiveCfg = Release|Any CPU
		{C4D33859-35C0-4B41-AE8D-FC93606AF1EC}.Release|Any CPU.Build.0 = Release|Any CPU
		{0F26FC10-D824-483B-8228-26D364239B76}.Debug|Any CPU.ActiveCfg = Debug|Any CPU
		{0F26FC10-D824-483B-8228-26D364239B76}.Debug|Any CPU.Build.0 = Debug|Any CPU
		{0F26FC10-D824-483B-8228-26D364239B76}.Release|Any CPU.ActiveCfg = Release|Any CPU
		{0F26FC10-D824-483B-8228-26D364239B76}.Release|Any CPU.Build.0 = Release|Any CPU
		{5903A21D-52E5-41A7-B91B-DA2B2BC30D24}.Debug|Any CPU.ActiveCfg = Debug|Any CPU
		{5903A21D-52E5-41A7-B91B-DA2B2BC30D24}.Debug|Any CPU.Build.0 = Debug|Any CPU
		{5903A21D-52E5-41A7-B91B-DA2B2BC30D24}.Release|Any CPU.ActiveCfg = Release|Any CPU
		{5903A21D-52E5-41A7-B91B-DA2B2BC30D24}.Release|Any CPU.Build.0 = Release|Any CPU
		{E77F0136-E1C1-47AC-A61C-F81F4E69723A}.Debug|Any CPU.ActiveCfg = Debug|Any CPU
		{E77F0136-E1C1-47AC-A61C-F81F4E69723A}.Debug|Any CPU.Build.0 = Debug|Any CPU
		{E77F0136-E1C1-47AC-A61C-F81F4E69723A}.Release|Any CPU.ActiveCfg = Release|Any CPU
		{E77F0136-E1C1-47AC-A61C-F81F4E69723A}.Release|Any CPU.Build.0 = Release|Any CPU
		{99DA60E0-FB6A-41B0-9C47-D2EF2F20D00D}.Debug|Any CPU.ActiveCfg = Debug|Any CPU
		{99DA60E0-FB6A-41B0-9C47-D2EF2F20D00D}.Debug|Any CPU.Build.0 = Debug|Any CPU
		{99DA60E0-FB6A-41B0-9C47-D2EF2F20D00D}.Release|Any CPU.ActiveCfg = Release|Any CPU
		{99DA60E0-FB6A-41B0-9C47-D2EF2F20D00D}.Release|Any CPU.Build.0 = Release|Any CPU
		{DD86B80E-F1B7-46C9-AA61-3C736E71C800}.Debug|Any CPU.ActiveCfg = Debug|Any CPU
		{DD86B80E-F1B7-46C9-AA61-3C736E71C800}.Debug|Any CPU.Build.0 = Debug|Any CPU
		{DD86B80E-F1B7-46C9-AA61-3C736E71C800}.Release|Any CPU.ActiveCfg = Release|Any CPU
		{DD86B80E-F1B7-46C9-AA61-3C736E71C800}.Release|Any CPU.Build.0 = Release|Any CPU
		{6324AD78-3B27-4B49-A67A-E377FA631151}.Debug|Any CPU.ActiveCfg = Debug|Any CPU
		{6324AD78-3B27-4B49-A67A-E377FA631151}.Debug|Any CPU.Build.0 = Debug|Any CPU
		{6324AD78-3B27-4B49-A67A-E377FA631151}.Release|Any CPU.ActiveCfg = Release|Any CPU
		{6324AD78-3B27-4B49-A67A-E377FA631151}.Release|Any CPU.Build.0 = Release|Any CPU
		{64063ECE-9CBA-4E10-94CB-50D3AA61B108}.Debug|Any CPU.ActiveCfg = Debug|Any CPU
		{64063ECE-9CBA-4E10-94CB-50D3AA61B108}.Debug|Any CPU.Build.0 = Debug|Any CPU
		{64063ECE-9CBA-4E10-94CB-50D3AA61B108}.Release|Any CPU.ActiveCfg = Release|Any CPU
		{64063ECE-9CBA-4E10-94CB-50D3AA61B108}.Release|Any CPU.Build.0 = Release|Any CPU
		{08E5455F-8A44-4551-8D1F-E0874FD1C461}.Debug|Any CPU.ActiveCfg = Debug|Any CPU
		{08E5455F-8A44-4551-8D1F-E0874FD1C461}.Debug|Any CPU.Build.0 = Debug|Any CPU
		{08E5455F-8A44-4551-8D1F-E0874FD1C461}.Release|Any CPU.ActiveCfg = Release|Any CPU
		{08E5455F-8A44-4551-8D1F-E0874FD1C461}.Release|Any CPU.Build.0 = Release|Any CPU
		{EE745BD1-3D0A-41AD-9DE9-580022296D31}.Debug|Any CPU.ActiveCfg = Debug|Any CPU
		{EE745BD1-3D0A-41AD-9DE9-580022296D31}.Debug|Any CPU.Build.0 = Debug|Any CPU
		{EE745BD1-3D0A-41AD-9DE9-580022296D31}.Release|Any CPU.ActiveCfg = Release|Any CPU
		{EE745BD1-3D0A-41AD-9DE9-580022296D31}.Release|Any CPU.Build.0 = Release|Any CPU
		{D5E050B9-50EB-40C9-9B02-920A24EBBAC7}.Debug|Any CPU.ActiveCfg = Debug|Any CPU
		{D5E050B9-50EB-40C9-9B02-920A24EBBAC7}.Debug|Any CPU.Build.0 = Debug|Any CPU
		{D5E050B9-50EB-40C9-9B02-920A24EBBAC7}.Release|Any CPU.ActiveCfg = Release|Any CPU
		{D5E050B9-50EB-40C9-9B02-920A24EBBAC7}.Release|Any CPU.Build.0 = Release|Any CPU
		{149CC928-48E7-4519-A092-0826348F629B}.Debug|Any CPU.ActiveCfg = Debug|Any CPU
		{149CC928-48E7-4519-A092-0826348F629B}.Debug|Any CPU.Build.0 = Debug|Any CPU
		{149CC928-48E7-4519-A092-0826348F629B}.Release|Any CPU.ActiveCfg = Release|Any CPU
		{149CC928-48E7-4519-A092-0826348F629B}.Release|Any CPU.Build.0 = Release|Any CPU
		{ADE21090-F686-4247-BB34-93656097A01C}.Debug|Any CPU.ActiveCfg = Debug|Any CPU
		{ADE21090-F686-4247-BB34-93656097A01C}.Debug|Any CPU.Build.0 = Debug|Any CPU
		{ADE21090-F686-4247-BB34-93656097A01C}.Release|Any CPU.ActiveCfg = Release|Any CPU
		{ADE21090-F686-4247-BB34-93656097A01C}.Release|Any CPU.Build.0 = Release|Any CPU
		{D5E1832B-D82F-4DAA-A159-F284122DDC7C}.Debug|Any CPU.ActiveCfg = Debug|Any CPU
		{D5E1832B-D82F-4DAA-A159-F284122DDC7C}.Debug|Any CPU.Build.0 = Debug|Any CPU
		{D5E1832B-D82F-4DAA-A159-F284122DDC7C}.Release|Any CPU.ActiveCfg = Release|Any CPU
		{D5E1832B-D82F-4DAA-A159-F284122DDC7C}.Release|Any CPU.Build.0 = Release|Any CPU
		{39B75ED8-A43C-4C2B-9AC5-1F26A99D0725}.Debug|Any CPU.ActiveCfg = Debug|Any CPU
		{39B75ED8-A43C-4C2B-9AC5-1F26A99D0725}.Debug|Any CPU.Build.0 = Debug|Any CPU
		{39B75ED8-A43C-4C2B-9AC5-1F26A99D0725}.Release|Any CPU.ActiveCfg = Release|Any CPU
		{39B75ED8-A43C-4C2B-9AC5-1F26A99D0725}.Release|Any CPU.Build.0 = Release|Any CPU
	EndGlobalSection
	GlobalSection(SolutionProperties) = preSolution
		HideSolutionNode = FALSE
	EndGlobalSection
	GlobalSection(NestedProjects) = preSolution
		{ADFCC23B-788E-4E8C-A45C-9FD41988ED18} = {074BDDE2-B18C-45CB-81F2-7BDDCE1C9405}
		{1A2982FA-FD2D-4AB5-9EA8-B05181451027} = {77EAAF28-D6A0-48B8-9F04-ED157B064496}
		{155E7781-D26A-4C50-AAA0-D18A5EFA16F6} = {CA825CCC-11D9-4F42-8E61-BED835452D65}
		{CD110987-0021-4FF7-8AD3-70C919F8072E} = {F4EFF8DF-F3F8-41CA-AC0B-F1B70752DCB0}
		{0F967B6B-4EB2-4797-9B89-624CE9D3E102} = {ADBDFE81-D7DB-46DC-8210-4A6294399AED}
		{C058F33F-5CD6-4B2D-B50D-7581897A3890} = {0F967B6B-4EB2-4797-9B89-624CE9D3E102}
		{DDE8077B-AAD1-4D46-9EBB-42498AC5D05A} = {C058F33F-5CD6-4B2D-B50D-7581897A3890}
		{AEB60683-3694-442D-964C-8279470C77A0} = {D0B39432-FDCF-4CDD-A2EB-0FD08715600C}
		{3B5F8041-EA8C-40D0-AA0D-810A8790D863} = {D0B39432-FDCF-4CDD-A2EB-0FD08715600C}
		{7985D15D-5B7A-4B9E-BCD7-595878E82C13} = {4CD96CDB-C316-4F93-976F-EE29FBB998FD}
		{146C344C-802D-4E36-B8E0-1447419D0F99} = {444F533E-BC9E-404B-8C6E-D7C543A901A4}
		{17FF4C06-2D1F-455A-84A6-E208285814A0} = {146C344C-802D-4E36-B8E0-1447419D0F99}
		{1F753CB8-B55C-48CE-8309-EF0C2B5E12CC} = {444F533E-BC9E-404B-8C6E-D7C543A901A4}
		{BA97C98C-9586-4697-9D28-05AC5C8244A6} = {4CD96CDB-C316-4F93-976F-EE29FBB998FD}
		{A1806FDB-6709-42E6-A9E3-4B5ADB614A77} = {4CD96CDB-C316-4F93-976F-EE29FBB998FD}
		{0C399744-2713-405F-941F-D8F256DB12EB} = {272DE78D-D80D-4E02-8BDF-FA2E957C74B9}
		{2B44A0E1-82F0-4FE4-B1AA-FB15945EDFA8} = {F27EFFAF-59E5-4FBC-BDDE-E5526F692515}
		{78CF38A2-8DA6-40F5-9086-D8A74813A2A5} = {F27EFFAF-59E5-4FBC-BDDE-E5526F692515}
		{3A700F65-CF81-40FB-871D-C919DC59FE74} = {F27EFFAF-59E5-4FBC-BDDE-E5526F692515}
		{DBE5A9E2-5D68-4502-B5E7-95FA59D9A447} = {F27EFFAF-59E5-4FBC-BDDE-E5526F692515}
		{23150AC0-46C5-4C4E-BE75-393E9609C1D3} = {F27EFFAF-59E5-4FBC-BDDE-E5526F692515}
		{877C7D11-A757-4DD2-BC30-53EDB02927C2} = {F27EFFAF-59E5-4FBC-BDDE-E5526F692515}
		{A25E7051-B06D-4918-9FC6-A3665DB0337B} = {F27EFFAF-59E5-4FBC-BDDE-E5526F692515}
		{391E3F98-5081-42D5-B481-2DA4539C2C16} = {F27EFFAF-59E5-4FBC-BDDE-E5526F692515}
		{05ABD240-58F7-4606-81D6-2B2E4264318A} = {F27EFFAF-59E5-4FBC-BDDE-E5526F692515}
		{F2DE8DAF-5A89-4540-B7C4-DD02186FB759} = {F27EFFAF-59E5-4FBC-BDDE-E5526F692515}
		{5E4EE83A-D0C4-482A-A5C3-E3D7CE19B1CB} = {F27EFFAF-59E5-4FBC-BDDE-E5526F692515}
		{EFFB0EF2-98AB-4244-A1D8-16CCF3954B0D} = {F27EFFAF-59E5-4FBC-BDDE-E5526F692515}
		{6BAD940A-3A52-471D-8898-E4980B8946AC} = {F27EFFAF-59E5-4FBC-BDDE-E5526F692515}
		{AC06E74E-22C0-427A-A3B2-2689EA22F210} = {F27EFFAF-59E5-4FBC-BDDE-E5526F692515}
		{B82A32DE-F112-4BB2-94A2-B675906EAC75} = {F27EFFAF-59E5-4FBC-BDDE-E5526F692515}
		{038A8550-B391-48D7-98B4-37AB2E1F2878} = {F27EFFAF-59E5-4FBC-BDDE-E5526F692515}
		{6323327D-007B-4240-9647-0238D049D240} = {F27EFFAF-59E5-4FBC-BDDE-E5526F692515}
		{C4D33859-35C0-4B41-AE8D-FC93606AF1EC} = {F27EFFAF-59E5-4FBC-BDDE-E5526F692515}
		{0F26FC10-D824-483B-8228-26D364239B76} = {F27EFFAF-59E5-4FBC-BDDE-E5526F692515}
		{99B6724C-02AF-47F7-B329-9787475201A6} = {F27EFFAF-59E5-4FBC-BDDE-E5526F692515}
		{5903A21D-52E5-41A7-B91B-DA2B2BC30D24} = {99B6724C-02AF-47F7-B329-9787475201A6}
		{E77F0136-E1C1-47AC-A61C-F81F4E69723A} = {99B6724C-02AF-47F7-B329-9787475201A6}
		{99DA60E0-FB6A-41B0-9C47-D2EF2F20D00D} = {F27EFFAF-59E5-4FBC-BDDE-E5526F692515}
		{DD86B80E-F1B7-46C9-AA61-3C736E71C800} = {F27EFFAF-59E5-4FBC-BDDE-E5526F692515}
		{6324AD78-3B27-4B49-A67A-E377FA631151} = {F27EFFAF-59E5-4FBC-BDDE-E5526F692515}
		{64063ECE-9CBA-4E10-94CB-50D3AA61B108} = {F27EFFAF-59E5-4FBC-BDDE-E5526F692515}
		{08E5455F-8A44-4551-8D1F-E0874FD1C461} = {99B6724C-02AF-47F7-B329-9787475201A6}
		{CF0DF44A-33C1-4E14-B5D8-445293821039} = {20750200-4695-4B04-B5FB-69B6977788EF}
		{51A115CB-62D5-4686-BDCE-92E26A24AC52} = {20750200-4695-4B04-B5FB-69B6977788EF}
		{EE745BD1-3D0A-41AD-9DE9-580022296D31} = {51A115CB-62D5-4686-BDCE-92E26A24AC52}
		{D5E050B9-50EB-40C9-9B02-920A24EBBAC7} = {51A115CB-62D5-4686-BDCE-92E26A24AC52}
		{149CC928-48E7-4519-A092-0826348F629B} = {51A115CB-62D5-4686-BDCE-92E26A24AC52}
		{ADE21090-F686-4247-BB34-93656097A01C} = {51A115CB-62D5-4686-BDCE-92E26A24AC52}
		{D5E1832B-D82F-4DAA-A159-F284122DDC7C} = {CF0DF44A-33C1-4E14-B5D8-445293821039}
		{39B75ED8-A43C-4C2B-9AC5-1F26A99D0725} = {CF0DF44A-33C1-4E14-B5D8-445293821039}
	EndGlobalSection
	GlobalSection(ExtensibilityGlobals) = postSolution
		SolutionGuid = {4E594F15-94FA-413E-9E17-0D6B84C53408}
	EndGlobalSection
EndGlobal
